<?xml version="1.0" encoding="utf-8"?>
<Project ToolsVersion="4.0" xmlns="http://schemas.microsoft.com/developer/msbuild/2003">
  <ItemGroup>
    <Filter Include="Source Files">
      <UniqueIdentifier>{4FC737F1-C7A5-4376-A066-2A32D752A2FF}</UniqueIdentifier>
      <Extensions>cpp;c;cc;cxx;def;odl;idl;hpj;bat;asm;asmx</Extensions>
    </Filter>
    <Filter Include="Header Files">
      <UniqueIdentifier>{93995380-89BD-4b04-88EB-625FBE52EBFB}</UniqueIdentifier>
      <Extensions>h;hh;hpp;hxx;hm;inl;inc;xsd</Extensions>
    </Filter>
    <Filter Include="Resource Files">
      <UniqueIdentifier>{67DA6AB6-F800-4c08-8B7A-83BB121AAD01}</UniqueIdentifier>
      <Extensions>rc;ico;cur;bmp;dlg;rc2;rct;bin;rgs;gif;jpg;jpeg;jpe;resx;tiff;tif;png;wav;mfcribbon-ms</Extensions>
    </Filter>
  </ItemGroup>
  <ItemGroup>
    <ClCompile Include="main.cpp">
      <Filter>Source Files</Filter>
    </ClCompile>
    <ClCompile Include="Log.cpp">
      <Filter>Source Files</Filter>
    </ClCompile>
    <ClCompile Include="Game.cpp">
      <Filter>Source Files</Filter>
    </ClCompile>
    <ClCompile Include="Window.cpp">
      <Filter>Source Files</Filter>
    </ClCompile>
    <ClCompile Include="Renderer.cpp">
      <Filter>Source Files</Filter>
    </ClCompile>
    <ClCompile Include="Surface.cpp">
      <Filter>Source Files</Filter>
    </ClCompile>
    <ClCompile Include="Texture.cpp">
      <Filter>Source Files</Filter>
    </ClCompile>
    <ClCompile Include="Music.cpp">
      <Filter>Source Files</Filter>
    </ClCompile>
    <ClCompile Include="Exception.cpp">
      <Filter>Source Files</Filter>
    </ClCompile>
    <ClCompile Include="Random.cpp">
      <Filter>Source Files</Filter>
    </ClCompile>
    <ClCompile Include="Splash.cpp">
      <Filter>Source Files</Filter>
    </ClCompile>
    <ClCompile Include="Timer.cpp">
      <Filter>Source Files</Filter>
    </ClCompile>
    <ClCompile Include="PixelFormat.cpp">
      <Filter>Source Files</Filter>
    </ClCompile>
    <ClCompile Include="SoundManager.cpp">
      <Filter>Source Files</Filter>
    </ClCompile>
    <ClCompile Include="Sample.cpp">
      <Filter>Source Files</Filter>
    </ClCompile>
    <ClCompile Include="WindowEventHandler.cpp">
      <Filter>Source Files</Filter>
    </ClCompile>
    <ClCompile Include="Test.cpp">
      <Filter>Source Files</Filter>
    </ClCompile>
    <ClCompile Include="EventHandler.cpp">
      <Filter>Source Files</Filter>
    </ClCompile>
    <ClCompile Include="World.cpp">
      <Filter>Source Files</Filter>
    </ClCompile>
    <ClCompile Include="Geometry.cpp">
      <Filter>Source Files</Filter>
    </ClCompile>
    <ClCompile Include="RenderComponent.cpp">
      <Filter>Source Files</Filter>
    </ClCompile>
    <ClCompile Include="AnimationComponent.cpp">
      <Filter>Source Files</Filter>
    </ClCompile>
    <ClCompile Include="MovementComponent.cpp">
      <Filter>Source Files</Filter>
    </ClCompile>
    <ClCompile Include="CustomEventData.cpp">
      <Filter>Source Files</Filter>
    </ClCompile>
  </ItemGroup>
  <ItemGroup>
    <ClInclude Include="Log.hpp">
      <Filter>Header Files</Filter>
    </ClInclude>
    <ClInclude Include="ILoggable.hpp">
      <Filter>Header Files</Filter>
    </ClInclude>
    <ClInclude Include="Game.hpp">
      <Filter>Header Files</Filter>
    </ClInclude>
    <ClInclude Include="Enum.hpp">
      <Filter>Header Files</Filter>
    </ClInclude>
    <ClInclude Include="Window.hpp">
      <Filter>Header Files</Filter>
    </ClInclude>
    <ClInclude Include="Renderer.hpp">
      <Filter>Header Files</Filter>
    </ClInclude>
    <ClInclude Include="Common.hpp">
      <Filter>Header Files</Filter>
    </ClInclude>
    <ClInclude Include="Surface.hpp">
      <Filter>Header Files</Filter>
    </ClInclude>
    <ClInclude Include="Texture.hpp">
      <Filter>Header Files</Filter>
    </ClInclude>
    <ClInclude Include="Entity.hpp">
      <Filter>Header Files</Filter>
    </ClInclude>
    <ClInclude Include="Vector2D.hpp">
      <Filter>Header Files</Filter>
    </ClInclude>
    <ClInclude Include="Music.hpp">
      <Filter>Header Files</Filter>
    </ClInclude>
    <ClInclude Include="Exception.hpp">
      <Filter>Header Files</Filter>
    </ClInclude>
    <ClInclude Include="Random.hpp">
      <Filter>Header Files</Filter>
    </ClInclude>
    <ClInclude Include="Tile.hpp">
      <Filter>Header Files</Filter>
    </ClInclude>
    <ClInclude Include="Test.hpp">
      <Filter>Header Files</Filter>
    </ClInclude>
    <ClInclude Include="Splash.hpp">
      <Filter>Header Files</Filter>
    </ClInclude>
    <ClInclude Include="Timer.hpp">
      <Filter>Header Files</Filter>
    </ClInclude>
    <ClInclude Include="PixelFormat.hpp">
      <Filter>Header Files</Filter>
    </ClInclude>
    <ClInclude Include="SoundManager.hpp">
      <Filter>Header Files</Filter>
    </ClInclude>
    <ClInclude Include="Sample.hpp">
      <Filter>Header Files</Filter>
    </ClInclude>
    <ClInclude Include="MenuItem.hpp">
      <Filter>Header Files</Filter>
    </ClInclude>
    <ClInclude Include="EventHandler.hpp">
      <Filter>Header Files</Filter>
    </ClInclude>
    <ClInclude Include="WindowEventHandler.hpp">
      <Filter>Header Files</Filter>
    </ClInclude>
    <ClInclude Include="GameComponent.hpp">
      <Filter>Header Files</Filter>
    </ClInclude>
    <ClInclude Include="World.hpp">
      <Filter>Header Files</Filter>
    </ClInclude>
    <ClInclude Include="Geometry.hpp">
      <Filter>Header Files</Filter>
    </ClInclude>
    <ClInclude Include="EntityComponent.hpp">
      <Filter>Header Files</Filter>
    </ClInclude>
    <ClInclude Include="RenderComponent.hpp">
      <Filter>Header Files</Filter>
    </ClInclude>
    <ClInclude Include="AnimationComponent.hpp">
      <Filter>Header Files</Filter>
    </ClInclude>
    <ClInclude Include="FaceComponent.hpp">
      <Filter>Header Files</Filter>
    </ClInclude>
    <ClInclude Include="LocationComponent.hpp">
      <Filter>Header Files</Filter>
    </ClInclude>
    <ClInclude Include="MovementComponent.hpp">
      <Filter>Header Files</Filter>
    </ClInclude>
    <ClInclude Include="GravityComponent.hpp">
      <Filter>Header Files</Filter>
    </ClInclude>
    <ClInclude Include="PhysicsComponent.h">
      <Filter>Header Files</Filter>
    </ClInclude>
    <ClInclude Include="CustomEventData.hpp">
      <Filter>Header Files</Filter>
    </ClInclude>
    <ClInclude Include="IGameObject.hpp">
      <Filter>Header Files</Filter>
    </ClInclude>
    <ClInclude Include="GUI.hpp">
      <Filter>Header Files</Filter>
    </ClInclude>
  </ItemGroup>
</Project>